// !$*UTF8*$!
{
	archiveVersion = 1;
	classes = {
	};
	objectVersion = 56;
	objects = {

/* Begin PBXBuildFile section */
		A91F28562C3FC900001157FA /* Extensions.swift in Sources */ = {isa = PBXBuildFile; fileRef = A91F28552C3FC900001157FA /* Extensions.swift */; };
		A97E4FFA2C3B01D400C656B2 /* ToDoListApp.swift in Sources */ = {isa = PBXBuildFile; fileRef = A97E4FF92C3B01D400C656B2 /* ToDoListApp.swift */; };
		A97E4FFC2C3B01D400C656B2 /* MainView.swift in Sources */ = {isa = PBXBuildFile; fileRef = A97E4FFB2C3B01D400C656B2 /* MainView.swift */; };
		A97E4FFE2C3B01D600C656B2 /* Assets.xcassets in Resources */ = {isa = PBXBuildFile; fileRef = A97E4FFD2C3B01D600C656B2 /* Assets.xcassets */; };
		A97E50012C3B01D600C656B2 /* Preview Assets.xcassets in Resources */ = {isa = PBXBuildFile; fileRef = A97E50002C3B01D600C656B2 /* Preview Assets.xcassets */; };
		A97E500B2C3B01D600C656B2 /* ToDoListTests.swift in Sources */ = {isa = PBXBuildFile; fileRef = A97E500A2C3B01D600C656B2 /* ToDoListTests.swift */; };
		A97E50152C3B01D600C656B2 /* ToDoListUITests.swift in Sources */ = {isa = PBXBuildFile; fileRef = A97E50142C3B01D600C656B2 /* ToDoListUITests.swift */; };
		A97E50172C3B01D600C656B2 /* ToDoListUITestsLaunchTests.swift in Sources */ = {isa = PBXBuildFile; fileRef = A97E50162C3B01D600C656B2 /* ToDoListUITestsLaunchTests.swift */; };
		A97E50252C3B041100C656B2 /* FirebaseAuth in Frameworks */ = {isa = PBXBuildFile; productRef = A97E50242C3B041100C656B2 /* FirebaseAuth */; };
		A97E50272C3B041100C656B2 /* FirebaseFirestore in Frameworks */ = {isa = PBXBuildFile; productRef = A97E50262C3B041100C656B2 /* FirebaseFirestore */; };
		A97E50292C3B041100C656B2 /* FirebaseFirestoreSwift in Frameworks */ = {isa = PBXBuildFile; productRef = A97E50282C3B041100C656B2 /* FirebaseFirestoreSwift */; };
		A97E50312C3B0EB400C656B2 /* ProfileView.swift in Sources */ = {isa = PBXBuildFile; fileRef = A97E50302C3B0EB400C656B2 /* ProfileView.swift */; };
		A97E50332C3B0EE300C656B2 /* ToDoListView.swift in Sources */ = {isa = PBXBuildFile; fileRef = A97E50322C3B0EE300C656B2 /* ToDoListView.swift */; };
		A97E50352C3B0F1400C656B2 /* NewItemView.swift in Sources */ = {isa = PBXBuildFile; fileRef = A97E50342C3B0F1400C656B2 /* NewItemView.swift */; };
		A97E50372C3B0F3B00C656B2 /* LogInView.swift in Sources */ = {isa = PBXBuildFile; fileRef = A97E50362C3B0F3B00C656B2 /* LogInView.swift */; };
		A97E50392C3B0F6100C656B2 /* RegisterView.swift in Sources */ = {isa = PBXBuildFile; fileRef = A97E50382C3B0F6100C656B2 /* RegisterView.swift */; };
		A97E503B2C3B101800C656B2 /* ToDoListItemView.swift in Sources */ = {isa = PBXBuildFile; fileRef = A97E503A2C3B101800C656B2 /* ToDoListItemView.swift */; };
		A97E503D2C3B116B00C656B2 /* User.swift in Sources */ = {isa = PBXBuildFile; fileRef = A97E503C2C3B116B00C656B2 /* User.swift */; };
		A97E503F2C3B119000C656B2 /* ToDoListItem.swift in Sources */ = {isa = PBXBuildFile; fileRef = A97E503E2C3B119000C656B2 /* ToDoListItem.swift */; };
		A97E50412C3B11E300C656B2 /* MainViewViewModel.swift in Sources */ = {isa = PBXBuildFile; fileRef = A97E50402C3B11E300C656B2 /* MainViewViewModel.swift */; };
		A97E50432C3B121700C656B2 /* ProfileViewViewModel.swift in Sources */ = {isa = PBXBuildFile; fileRef = A97E50422C3B121700C656B2 /* ProfileViewViewModel.swift */; };
		A97E50452C3B123C00C656B2 /* ToDoListViewViewModel.swift in Sources */ = {isa = PBXBuildFile; fileRef = A97E50442C3B123C00C656B2 /* ToDoListViewViewModel.swift */; };
		A97E50472C3B125200C656B2 /* NewItemViewViewModel.swift in Sources */ = {isa = PBXBuildFile; fileRef = A97E50462C3B125200C656B2 /* NewItemViewViewModel.swift */; };
		A97E50492C3B126B00C656B2 /* LogInViewViewModel.swift in Sources */ = {isa = PBXBuildFile; fileRef = A97E50482C3B126B00C656B2 /* LogInViewViewModel.swift */; };
		A97E504B2C3B128600C656B2 /* RegisterViewViewModel.swift in Sources */ = {isa = PBXBuildFile; fileRef = A97E504A2C3B128600C656B2 /* RegisterViewViewModel.swift */; };
		A97E504D2C3B12AA00C656B2 /* ToDoListItemViewViewModel.swift in Sources */ = {isa = PBXBuildFile; fileRef = A97E504C2C3B12AA00C656B2 /* ToDoListItemViewViewModel.swift */; };
		A97E50512C3B30C300C656B2 /* GoogleService-Info.plist in Resources */ = {isa = PBXBuildFile; fileRef = A97E50502C3B30C300C656B2 /* GoogleService-Info.plist */; };
		A97E50532C3B37D800C656B2 /* HeaderView.swift in Sources */ = {isa = PBXBuildFile; fileRef = A97E50522C3B37D800C656B2 /* HeaderView.swift */; };
		A97E50552C3EAF5500C656B2 /* TLButton.swift in Sources */ = {isa = PBXBuildFile; fileRef = A97E50542C3EAF5400C656B2 /* TLButton.swift */; };
/* End PBXBuildFile section */

/* Begin PBXContainerItemProxy section */
		A97E50072C3B01D600C656B2 /* PBXContainerItemProxy */ = {
			isa = PBXContainerItemProxy;
			containerPortal = A97E4FEE2C3B01D400C656B2 /* Project object */;
			proxyType = 1;
			remoteGlobalIDString = A97E4FF52C3B01D400C656B2;
			remoteInfo = ToDoList;
		};
		A97E50112C3B01D600C656B2 /* PBXContainerItemProxy */ = {
			isa = PBXContainerItemProxy;
			containerPortal = A97E4FEE2C3B01D400C656B2 /* Project object */;
			proxyType = 1;
			remoteGlobalIDString = A97E4FF52C3B01D400C656B2;
			remoteInfo = ToDoList;
		};
/* End PBXContainerItemProxy section */

/* Begin PBXFileReference section */
		A91F28552C3FC900001157FA /* Extensions.swift */ = {isa = PBXFileReference; lastKnownFileType = sourcecode.swift; path = Extensions.swift; sourceTree = "<group>"; };
		A97E4FF62C3B01D400C656B2 /* ToDoList.app */ = {isa = PBXFileReference; explicitFileType = wrapper.application; includeInIndex = 0; path = ToDoList.app; sourceTree = BUILT_PRODUCTS_DIR; };
		A97E4FF92C3B01D400C656B2 /* ToDoListApp.swift */ = {isa = PBXFileReference; lastKnownFileType = sourcecode.swift; path = ToDoListApp.swift; sourceTree = "<group>"; };
		A97E4FFB2C3B01D400C656B2 /* MainView.swift */ = {isa = PBXFileReference; lastKnownFileType = sourcecode.swift; path = MainView.swift; sourceTree = "<group>"; };
		A97E4FFD2C3B01D600C656B2 /* Assets.xcassets */ = {isa = PBXFileReference; lastKnownFileType = folder.assetcatalog; path = Assets.xcassets; sourceTree = "<group>"; };
		A97E50002C3B01D600C656B2 /* Preview Assets.xcassets */ = {isa = PBXFileReference; lastKnownFileType = folder.assetcatalog; path = "Preview Assets.xcassets"; sourceTree = "<group>"; };
		A97E50062C3B01D600C656B2 /* ToDoListTests.xctest */ = {isa = PBXFileReference; explicitFileType = wrapper.cfbundle; includeInIndex = 0; path = ToDoListTests.xctest; sourceTree = BUILT_PRODUCTS_DIR; };
		A97E500A2C3B01D600C656B2 /* ToDoListTests.swift */ = {isa = PBXFileReference; lastKnownFileType = sourcecode.swift; path = ToDoListTests.swift; sourceTree = "<group>"; };
		A97E50102C3B01D600C656B2 /* ToDoListUITests.xctest */ = {isa = PBXFileReference; explicitFileType = wrapper.cfbundle; includeInIndex = 0; path = ToDoListUITests.xctest; sourceTree = BUILT_PRODUCTS_DIR; };
		A97E50142C3B01D600C656B2 /* ToDoListUITests.swift */ = {isa = PBXFileReference; lastKnownFileType = sourcecode.swift; path = ToDoListUITests.swift; sourceTree = "<group>"; };
		A97E50162C3B01D600C656B2 /* ToDoListUITestsLaunchTests.swift */ = {isa = PBXFileReference; lastKnownFileType = sourcecode.swift; path = ToDoListUITestsLaunchTests.swift; sourceTree = "<group>"; };
		A97E50302C3B0EB400C656B2 /* ProfileView.swift */ = {isa = PBXFileReference; lastKnownFileType = sourcecode.swift; path = ProfileView.swift; sourceTree = "<group>"; };
		A97E50322C3B0EE300C656B2 /* ToDoListView.swift */ = {isa = PBXFileReference; lastKnownFileType = sourcecode.swift; path = ToDoListView.swift; sourceTree = "<group>"; };
		A97E50342C3B0F1400C656B2 /* NewItemView.swift */ = {isa = PBXFileReference; lastKnownFileType = sourcecode.swift; path = NewItemView.swift; sourceTree = "<group>"; };
		A97E50362C3B0F3B00C656B2 /* LogInView.swift */ = {isa = PBXFileReference; lastKnownFileType = sourcecode.swift; path = LogInView.swift; sourceTree = "<group>"; };
		A97E50382C3B0F6100C656B2 /* RegisterView.swift */ = {isa = PBXFileReference; lastKnownFileType = sourcecode.swift; path = RegisterView.swift; sourceTree = "<group>"; };
		A97E503A2C3B101800C656B2 /* ToDoListItemView.swift */ = {isa = PBXFileReference; lastKnownFileType = sourcecode.swift; path = ToDoListItemView.swift; sourceTree = "<group>"; };
		A97E503C2C3B116B00C656B2 /* User.swift */ = {isa = PBXFileReference; lastKnownFileType = sourcecode.swift; path = User.swift; sourceTree = "<group>"; };
		A97E503E2C3B119000C656B2 /* ToDoListItem.swift */ = {isa = PBXFileReference; lastKnownFileType = sourcecode.swift; path = ToDoListItem.swift; sourceTree = "<group>"; };
		A97E50402C3B11E300C656B2 /* MainViewViewModel.swift */ = {isa = PBXFileReference; lastKnownFileType = sourcecode.swift; path = MainViewViewModel.swift; sourceTree = "<group>"; };
		A97E50422C3B121700C656B2 /* ProfileViewViewModel.swift */ = {isa = PBXFileReference; lastKnownFileType = sourcecode.swift; path = ProfileViewViewModel.swift; sourceTree = "<group>"; };
		A97E50442C3B123C00C656B2 /* ToDoListViewViewModel.swift */ = {isa = PBXFileReference; lastKnownFileType = sourcecode.swift; path = ToDoListViewViewModel.swift; sourceTree = "<group>"; };
		A97E50462C3B125200C656B2 /* NewItemViewViewModel.swift */ = {isa = PBXFileReference; lastKnownFileType = sourcecode.swift; path = NewItemViewViewModel.swift; sourceTree = "<group>"; };
		A97E50482C3B126B00C656B2 /* LogInViewViewModel.swift */ = {isa = PBXFileReference; lastKnownFileType = sourcecode.swift; path = LogInViewViewModel.swift; sourceTree = "<group>"; };
		A97E504A2C3B128600C656B2 /* RegisterViewViewModel.swift */ = {isa = PBXFileReference; lastKnownFileType = sourcecode.swift; path = RegisterViewViewModel.swift; sourceTree = "<group>"; };
		A97E504C2C3B12AA00C656B2 /* ToDoListItemViewViewModel.swift */ = {isa = PBXFileReference; lastKnownFileType = sourcecode.swift; path = ToDoListItemViewViewModel.swift; sourceTree = "<group>"; };
		A97E50502C3B30C300C656B2 /* GoogleService-Info.plist */ = {isa = PBXFileReference; fileEncoding = 4; lastKnownFileType = text.plist.xml; path = "GoogleService-Info.plist"; sourceTree = "<group>"; };
		A97E50522C3B37D800C656B2 /* HeaderView.swift */ = {isa = PBXFileReference; lastKnownFileType = sourcecode.swift; path = HeaderView.swift; sourceTree = "<group>"; };
		A97E50542C3EAF5400C656B2 /* TLButton.swift */ = {isa = PBXFileReference; lastKnownFileType = sourcecode.swift; path = TLButton.swift; sourceTree = "<group>"; };
/* End PBXFileReference section */

/* Begin PBXFrameworksBuildPhase section */
		A97E4FF32C3B01D400C656B2 /* Frameworks */ = {
			isa = PBXFrameworksBuildPhase;
			buildActionMask = 2147483647;
			files = (
				A97E50252C3B041100C656B2 /* FirebaseAuth in Frameworks */,
				A97E50272C3B041100C656B2 /* FirebaseFirestore in Frameworks */,
				A97E50292C3B041100C656B2 /* FirebaseFirestoreSwift in Frameworks */,
			);
			runOnlyForDeploymentPostprocessing = 0;
		};
		A97E50032C3B01D600C656B2 /* Frameworks */ = {
			isa = PBXFrameworksBuildPhase;
			buildActionMask = 2147483647;
			files = (
			);
			runOnlyForDeploymentPostprocessing = 0;
		};
		A97E500D2C3B01D600C656B2 /* Frameworks */ = {
			isa = PBXFrameworksBuildPhase;
			buildActionMask = 2147483647;
			files = (
			);
			runOnlyForDeploymentPostprocessing = 0;
		};
/* End PBXFrameworksBuildPhase section */

/* Begin PBXGroup section */
		A97E4FED2C3B01D400C656B2 = {
			isa = PBXGroup;
			children = (
				A97E4FF82C3B01D400C656B2 /* ToDoList */,
				A97E50092C3B01D600C656B2 /* ToDoListTests */,
				A97E50132C3B01D600C656B2 /* ToDoListUITests */,
				A97E4FF72C3B01D400C656B2 /* Products */,
			);
			sourceTree = "<group>";
		};
		A97E4FF72C3B01D400C656B2 /* Products */ = {
			isa = PBXGroup;
			children = (
				A97E4FF62C3B01D400C656B2 /* ToDoList.app */,
				A97E50062C3B01D600C656B2 /* ToDoListTests.xctest */,
				A97E50102C3B01D600C656B2 /* ToDoListUITests.xctest */,
			);
			name = Products;
			sourceTree = "<group>";
		};
		A97E4FF82C3B01D400C656B2 /* ToDoList */ = {
			isa = PBXGroup;
			children = (
				A97E502F2C3B0C6F00C656B2 /* Other */,
				A97E502E2C3B0C3D00C656B2 /* Models */,
				A97E502D2C3B0C1400C656B2 /* ViewModels */,
				A97E502C2C3B0BF000C656B2 /* Views */,
				A97E4FFF2C3B01D600C656B2 /* Preview Content */,
			);
			path = ToDoList;
			sourceTree = "<group>";
		};
		A97E4FFF2C3B01D600C656B2 /* Preview Content */ = {
			isa = PBXGroup;
			children = (
				A97E50002C3B01D600C656B2 /* Preview Assets.xcassets */,
			);
			path = "Preview Content";
			sourceTree = "<group>";
		};
		A97E50092C3B01D600C656B2 /* ToDoListTests */ = {
			isa = PBXGroup;
			children = (
				A97E500A2C3B01D600C656B2 /* ToDoListTests.swift */,
			);
			path = ToDoListTests;
			sourceTree = "<group>";
		};
		A97E50132C3B01D600C656B2 /* ToDoListUITests */ = {
			isa = PBXGroup;
			children = (
				A97E50142C3B01D600C656B2 /* ToDoListUITests.swift */,
				A97E50162C3B01D600C656B2 /* ToDoListUITestsLaunchTests.swift */,
			);
			path = ToDoListUITests;
			sourceTree = "<group>";
		};
		A97E502C2C3B0BF000C656B2 /* Views */ = {
			isa = PBXGroup;
			children = (
				A97E4FFB2C3B01D400C656B2 /* MainView.swift */,
				A97E50302C3B0EB400C656B2 /* ProfileView.swift */,
				A97E50322C3B0EE300C656B2 /* ToDoListView.swift */,
				A97E50342C3B0F1400C656B2 /* NewItemView.swift */,
				A97E50362C3B0F3B00C656B2 /* LogInView.swift */,
				A97E50382C3B0F6100C656B2 /* RegisterView.swift */,
				A97E503A2C3B101800C656B2 /* ToDoListItemView.swift */,
				A97E50522C3B37D800C656B2 /* HeaderView.swift */,
				A97E50542C3EAF5400C656B2 /* TLButton.swift */,
			);
			path = Views;
			sourceTree = "<group>";
		};
		A97E502D2C3B0C1400C656B2 /* ViewModels */ = {
			isa = PBXGroup;
			children = (
				A97E50402C3B11E300C656B2 /* MainViewViewModel.swift */,
				A97E50422C3B121700C656B2 /* ProfileViewViewModel.swift */,
				A97E50442C3B123C00C656B2 /* ToDoListViewViewModel.swift */,
				A97E50462C3B125200C656B2 /* NewItemViewViewModel.swift */,
				A97E50482C3B126B00C656B2 /* LogInViewViewModel.swift */,
				A97E504A2C3B128600C656B2 /* RegisterViewViewModel.swift */,
				A97E504C2C3B12AA00C656B2 /* ToDoListItemViewViewModel.swift */,
			);
			path = ViewModels;
			sourceTree = "<group>";
		};
		A97E502E2C3B0C3D00C656B2 /* Models */ = {
			isa = PBXGroup;
			children = (
				A97E503C2C3B116B00C656B2 /* User.swift */,
				A97E503E2C3B119000C656B2 /* ToDoListItem.swift */,
			);
			path = Models;
			sourceTree = "<group>";
		};
		A97E502F2C3B0C6F00C656B2 /* Other */ = {
			isa = PBXGroup;
			children = (
				A97E4FFD2C3B01D600C656B2 /* Assets.xcassets */,
				A97E50502C3B30C300C656B2 /* GoogleService-Info.plist */,
				A97E4FF92C3B01D400C656B2 /* ToDoListApp.swift */,
				A91F28552C3FC900001157FA /* Extensions.swift */,
			);
			path = Other;
			sourceTree = "<group>";
		};
/* End PBXGroup section */

/* Begin PBXNativeTarget section */
		A97E4FF52C3B01D400C656B2 /* ToDoList */ = {
			isa = PBXNativeTarget;
			buildConfigurationList = A97E501A2C3B01D600C656B2 /* Build configuration list for PBXNativeTarget "ToDoList" */;
			buildPhases = (
				A97E4FF22C3B01D400C656B2 /* Sources */,
				A97E4FF32C3B01D400C656B2 /* Frameworks */,
				A97E4FF42C3B01D400C656B2 /* Resources */,
			);
			buildRules = (
			);
			dependencies = (
			);
			name = ToDoList;
			packageProductDependencies = (
				A97E50242C3B041100C656B2 /* FirebaseAuth */,
				A97E50262C3B041100C656B2 /* FirebaseFirestore */,
				A97E50282C3B041100C656B2 /* FirebaseFirestoreSwift */,
			);
			productName = ToDoList;
			productReference = A97E4FF62C3B01D400C656B2 /* ToDoList.app */;
			productType = "com.apple.product-type.application";
		};
		A97E50052C3B01D600C656B2 /* ToDoListTests */ = {
			isa = PBXNativeTarget;
			buildConfigurationList = A97E501D2C3B01D600C656B2 /* Build configuration list for PBXNativeTarget "ToDoListTests" */;
			buildPhases = (
				A97E50022C3B01D600C656B2 /* Sources */,
				A97E50032C3B01D600C656B2 /* Frameworks */,
				A97E50042C3B01D600C656B2 /* Resources */,
			);
			buildRules = (
			);
			dependencies = (
				A97E50082C3B01D600C656B2 /* PBXTargetDependency */,
			);
			name = ToDoListTests;
			productName = ToDoListTests;
			productReference = A97E50062C3B01D600C656B2 /* ToDoListTests.xctest */;
			productType = "com.apple.product-type.bundle.unit-test";
		};
		A97E500F2C3B01D600C656B2 /* ToDoListUITests */ = {
			isa = PBXNativeTarget;
			buildConfigurationList = A97E50202C3B01D600C656B2 /* Build configuration list for PBXNativeTarget "ToDoListUITests" */;
			buildPhases = (
				A97E500C2C3B01D600C656B2 /* Sources */,
				A97E500D2C3B01D600C656B2 /* Frameworks */,
				A97E500E2C3B01D600C656B2 /* Resources */,
			);
			buildRules = (
			);
			dependencies = (
				A97E50122C3B01D600C656B2 /* PBXTargetDependency */,
			);
			name = ToDoListUITests;
			productName = ToDoListUITests;
			productReference = A97E50102C3B01D600C656B2 /* ToDoListUITests.xctest */;
			productType = "com.apple.product-type.bundle.ui-testing";
		};
/* End PBXNativeTarget section */

/* Begin PBXProject section */
		A97E4FEE2C3B01D400C656B2 /* Project object */ = {
			isa = PBXProject;
			attributes = {
				BuildIndependentTargetsInParallel = 1;
				LastSwiftUpdateCheck = 1510;
				LastUpgradeCheck = 1510;
				TargetAttributes = {
					A97E4FF52C3B01D400C656B2 = {
						CreatedOnToolsVersion = 15.1;
					};
					A97E50052C3B01D600C656B2 = {
						CreatedOnToolsVersion = 15.1;
						TestTargetID = A97E4FF52C3B01D400C656B2;
					};
					A97E500F2C3B01D600C656B2 = {
						CreatedOnToolsVersion = 15.1;
						TestTargetID = A97E4FF52C3B01D400C656B2;
					};
				};
			};
			buildConfigurationList = A97E4FF12C3B01D400C656B2 /* Build configuration list for PBXProject "ToDoList" */;
			compatibilityVersion = "Xcode 14.0";
			developmentRegion = en;
			hasScannedForEncodings = 0;
			knownRegions = (
				en,
				Base,
			);
			mainGroup = A97E4FED2C3B01D400C656B2;
			packageReferences = (
				A97E50232C3B041100C656B2 /* XCRemoteSwiftPackageReference "firebase-ios-sdk" */,
			);
			productRefGroup = A97E4FF72C3B01D400C656B2 /* Products */;
			projectDirPath = "";
			projectRoot = "";
			targets = (
				A97E4FF52C3B01D400C656B2 /* ToDoList */,
				A97E50052C3B01D600C656B2 /* ToDoListTests */,
				A97E500F2C3B01D600C656B2 /* ToDoListUITests */,
			);
		};
/* End PBXProject section */

/* Begin PBXResourcesBuildPhase section */
		A97E4FF42C3B01D400C656B2 /* Resources */ = {
			isa = PBXResourcesBuildPhase;
			buildActionMask = 2147483647;
			files = (
				A97E50012C3B01D600C656B2 /* Preview Assets.xcassets in Resources */,
				A97E4FFE2C3B01D600C656B2 /* Assets.xcassets in Resources */,
				A97E50512C3B30C300C656B2 /* GoogleService-Info.plist in Resources */,
			);
			runOnlyForDeploymentPostprocessing = 0;
		};
		A97E50042C3B01D600C656B2 /* Resources */ = {
			isa = PBXResourcesBuildPhase;
			buildActionMask = 2147483647;
			files = (
			);
			runOnlyForDeploymentPostprocessing = 0;
		};
		A97E500E2C3B01D600C656B2 /* Resources */ = {
			isa = PBXResourcesBuildPhase;
			buildActionMask = 2147483647;
			files = (
			);
			runOnlyForDeploymentPostprocessing = 0;
		};
/* End PBXResourcesBuildPhase section */

/* Begin PBXSourcesBuildPhase section */
		A97E4FF22C3B01D400C656B2 /* Sources */ = {
			isa = PBXSourcesBuildPhase;
			buildActionMask = 2147483647;
			files = (
				A97E50372C3B0F3B00C656B2 /* LogInView.swift in Sources */,
				A97E50532C3B37D800C656B2 /* HeaderView.swift in Sources */,
				A97E4FFC2C3B01D400C656B2 /* MainView.swift in Sources */,
				A97E504B2C3B128600C656B2 /* RegisterViewViewModel.swift in Sources */,
				A97E50412C3B11E300C656B2 /* MainViewViewModel.swift in Sources */,
				A97E50332C3B0EE300C656B2 /* ToDoListView.swift in Sources */,
				A97E50392C3B0F6100C656B2 /* RegisterView.swift in Sources */,
				A97E50552C3EAF5500C656B2 /* TLButton.swift in Sources */,
				A97E50432C3B121700C656B2 /* ProfileViewViewModel.swift in Sources */,
				A97E50312C3B0EB400C656B2 /* ProfileView.swift in Sources */,
				A97E503D2C3B116B00C656B2 /* User.swift in Sources */,
				A97E503B2C3B101800C656B2 /* ToDoListItemView.swift in Sources */,
				A97E50452C3B123C00C656B2 /* ToDoListViewViewModel.swift in Sources */,
				A97E4FFA2C3B01D400C656B2 /* ToDoListApp.swift in Sources */,
				A97E503F2C3B119000C656B2 /* ToDoListItem.swift in Sources */,
				A91F28562C3FC900001157FA /* Extensions.swift in Sources */,
				A97E50492C3B126B00C656B2 /* LogInViewViewModel.swift in Sources */,
				A97E50352C3B0F1400C656B2 /* NewItemView.swift in Sources */,
				A97E50472C3B125200C656B2 /* NewItemViewViewModel.swift in Sources */,
				A97E504D2C3B12AA00C656B2 /* ToDoListItemViewViewModel.swift in Sources */,
			);
			runOnlyForDeploymentPostprocessing = 0;
		};
		A97E50022C3B01D600C656B2 /* Sources */ = {
			isa = PBXSourcesBuildPhase;
			buildActionMask = 2147483647;
			files = (
				A97E500B2C3B01D600C656B2 /* ToDoListTests.swift in Sources */,
			);
			runOnlyForDeploymentPostprocessing = 0;
		};
		A97E500C2C3B01D600C656B2 /* Sources */ = {
			isa = PBXSourcesBuildPhase;
			buildActionMask = 2147483647;
			files = (
				A97E50172C3B01D600C656B2 /* ToDoListUITestsLaunchTests.swift in Sources */,
				A97E50152C3B01D600C656B2 /* ToDoListUITests.swift in Sources */,
			);
			runOnlyForDeploymentPostprocessing = 0;
		};
/* End PBXSourcesBuildPhase section */

/* Begin PBXTargetDependency section */
		A97E50082C3B01D600C656B2 /* PBXTargetDependency */ = {
			isa = PBXTargetDependency;
			target = A97E4FF52C3B01D400C656B2 /* ToDoList */;
			targetProxy = A97E50072C3B01D600C656B2 /* PBXContainerItemProxy */;
		};
		A97E50122C3B01D600C656B2 /* PBXTargetDependency */ = {
			isa = PBXTargetDependency;
			target = A97E4FF52C3B01D400C656B2 /* ToDoList */;
			targetProxy = A97E50112C3B01D600C656B2 /* PBXContainerItemProxy */;
		};
/* End PBXTargetDependency section */

/* Begin XCBuildConfiguration section */
		A97E50182C3B01D600C656B2 /* Debug */ = {
			isa = XCBuildConfiguration;
			buildSettings = {
				ALWAYS_SEARCH_USER_PATHS = NO;
				ASSETCATALOG_COMPILER_GENERATE_SWIFT_ASSET_SYMBOL_EXTENSIONS = YES;
				CLANG_ANALYZER_NONNULL = YES;
				CLANG_ANALYZER_NUMBER_OBJECT_CONVERSION = YES_AGGRESSIVE;
				CLANG_CXX_LANGUAGE_STANDARD = "gnu++20";
				CLANG_ENABLE_MODULES = YES;
				CLANG_ENABLE_OBJC_ARC = YES;
				CLANG_ENABLE_OBJC_WEAK = YES;
				CLANG_WARN_BLOCK_CAPTURE_AUTORELEASING = YES;
				CLANG_WARN_BOOL_CONVERSION = YES;
				CLANG_WARN_COMMA = YES;
				CLANG_WARN_CONSTANT_CONVERSION = YES;
				CLANG_WARN_DEPRECATED_OBJC_IMPLEMENTATIONS = YES;
				CLANG_WARN_DIRECT_OBJC_ISA_USAGE = YES_ERROR;
				CLANG_WARN_DOCUMENTATION_COMMENTS = YES;
				CLANG_WARN_EMPTY_BODY = YES;
				CLANG_WARN_ENUM_CONVERSION = YES;
				CLANG_WARN_INFINITE_RECURSION = YES;
				CLANG_WARN_INT_CONVERSION = YES;
				CLANG_WARN_NON_LITERAL_NULL_CONVERSION = YES;
				CLANG_WARN_OBJC_IMPLICIT_RETAIN_SELF = YES;
				CLANG_WARN_OBJC_LITERAL_CONVERSION = YES;
				CLANG_WARN_OBJC_ROOT_CLASS = YES_ERROR;
				CLANG_WARN_QUOTED_INCLUDE_IN_FRAMEWORK_HEADER = YES;
				CLANG_WARN_RANGE_LOOP_ANALYSIS = YES;
				CLANG_WARN_STRICT_PROTOTYPES = YES;
				CLANG_WARN_SUSPICIOUS_MOVE = YES;
				CLANG_WARN_UNGUARDED_AVAILABILITY = YES_AGGRESSIVE;
				CLANG_WARN_UNREACHABLE_CODE = YES;
				CLANG_WARN__DUPLICATE_METHOD_MATCH = YES;
				COPY_PHASE_STRIP = NO;
				DEBUG_INFORMATION_FORMAT = dwarf;
				ENABLE_STRICT_OBJC_MSGSEND = YES;
				ENABLE_TESTABILITY = YES;
				ENABLE_USER_SCRIPT_SANDBOXING = YES;
				GCC_C_LANGUAGE_STANDARD = gnu17;
				GCC_DYNAMIC_NO_PIC = NO;
				GCC_NO_COMMON_BLOCKS = YES;
				GCC_OPTIMIZATION_LEVEL = 0;
				GCC_PREPROCESSOR_DEFINITIONS = (
					"DEBUG=1",
					"$(inherited)",
				);
				GCC_WARN_64_TO_32_BIT_CONVERSION = YES;
				GCC_WARN_ABOUT_RETURN_TYPE = YES_ERROR;
				GCC_WARN_UNDECLARED_SELECTOR = YES;
				GCC_WARN_UNINITIALIZED_AUTOS = YES_AGGRESSIVE;
				GCC_WARN_UNUSED_FUNCTION = YES;
				GCC_WARN_UNUSED_VARIABLE = YES;
				IPHONEOS_DEPLOYMENT_TARGET = 17.2;
				LOCALIZATION_PREFERS_STRING_CATALOGS = YES;
				MTL_ENABLE_DEBUG_INFO = INCLUDE_SOURCE;
				MTL_FAST_MATH = YES;
				ONLY_ACTIVE_ARCH = YES;
				SDKROOT = iphoneos;
				SWIFT_ACTIVE_COMPILATION_CONDITIONS = "DEBUG $(inherited)";
				SWIFT_OPTIMIZATION_LEVEL = "-Onone";
			};
			name = Debug;
		};
		A97E50192C3B01D600C656B2 /* Release */ = {
			isa = XCBuildConfiguration;
			buildSettings = {
				ALWAYS_SEARCH_USER_PATHS = NO;
				ASSETCATALOG_COMPILER_GENERATE_SWIFT_ASSET_SYMBOL_EXTENSIONS = YES;
				CLANG_ANALYZER_NONNULL = YES;
				CLANG_ANALYZER_NUMBER_OBJECT_CONVERSION = YES_AGGRESSIVE;
				CLANG_CXX_LANGUAGE_STANDARD = "gnu++20";
				CLANG_ENABLE_MODULES = YES;
				CLANG_ENABLE_OBJC_ARC = YES;
				CLANG_ENABLE_OBJC_WEAK = YES;
				CLANG_WARN_BLOCK_CAPTURE_AUTORELEASING = YES;
				CLANG_WARN_BOOL_CONVERSION = YES;
				CLANG_WARN_COMMA = YES;
				CLANG_WARN_CONSTANT_CONVERSION = YES;
				CLANG_WARN_DEPRECATED_OBJC_IMPLEMENTATIONS = YES;
				CLANG_WARN_DIRECT_OBJC_ISA_USAGE = YES_ERROR;
				CLANG_WARN_DOCUMENTATION_COMMENTS = YES;
				CLANG_WARN_EMPTY_BODY = YES;
				CLANG_WARN_ENUM_CONVERSION = YES;
				CLANG_WARN_INFINITE_RECURSION = YES;
				CLANG_WARN_INT_CONVERSION = YES;
				CLANG_WARN_NON_LITERAL_NULL_CONVERSION = YES;
				CLANG_WARN_OBJC_IMPLICIT_RETAIN_SELF = YES;
				CLANG_WARN_OBJC_LITERAL_CONVERSION = YES;
				CLANG_WARN_OBJC_ROOT_CLASS = YES_ERROR;
				CLANG_WARN_QUOTED_INCLUDE_IN_FRAMEWORK_HEADER = YES;
				CLANG_WARN_RANGE_LOOP_ANALYSIS = YES;
				CLANG_WARN_STRICT_PROTOTYPES = YES;
				CLANG_WARN_SUSPICIOUS_MOVE = YES;
				CLANG_WARN_UNGUARDED_AVAILABILITY = YES_AGGRESSIVE;
				CLANG_WARN_UNREACHABLE_CODE = YES;
				CLANG_WARN__DUPLICATE_METHOD_MATCH = YES;
				COPY_PHASE_STRIP = NO;
				DEBUG_INFORMATION_FORMAT = "dwarf-with-dsym";
				ENABLE_NS_ASSERTIONS = NO;
				ENABLE_STRICT_OBJC_MSGSEND = YES;
				ENABLE_USER_SCRIPT_SANDBOXING = YES;
				GCC_C_LANGUAGE_STANDARD = gnu17;
				GCC_NO_COMMON_BLOCKS = YES;
				GCC_WARN_64_TO_32_BIT_CONVERSION = YES;
				GCC_WARN_ABOUT_RETURN_TYPE = YES_ERROR;
				GCC_WARN_UNDECLARED_SELECTOR = YES;
				GCC_WARN_UNINITIALIZED_AUTOS = YES_AGGRESSIVE;
				GCC_WARN_UNUSED_FUNCTION = YES;
				GCC_WARN_UNUSED_VARIABLE = YES;
				IPHONEOS_DEPLOYMENT_TARGET = 17.2;
				LOCALIZATION_PREFERS_STRING_CATALOGS = YES;
				MTL_ENABLE_DEBUG_INFO = NO;
				MTL_FAST_MATH = YES;
				SDKROOT = iphoneos;
				SWIFT_COMPILATION_MODE = wholemodule;
				VALIDATE_PRODUCT = YES;
			};
			name = Release;
		};
		A97E501B2C3B01D600C656B2 /* Debug */ = {
			isa = XCBuildConfiguration;
			buildSettings = {
				ASSETCATALOG_COMPILER_APPICON_NAME = AppIcon;
				ASSETCATALOG_COMPILER_GLOBAL_ACCENT_COLOR_NAME = AccentColor;
				CODE_SIGN_STYLE = Automatic;
				CURRENT_PROJECT_VERSION = 1;
				DEVELOPMENT_ASSET_PATHS = "\"ToDoList/Preview Content\"";
				DEVELOPMENT_TEAM = 6JHBX5CAC2;
				ENABLE_PREVIEWS = YES;
				GENERATE_INFOPLIST_FILE = YES;
				INFOPLIST_KEY_CFBundleDisplayName = "To Do List";
				INFOPLIST_KEY_UIApplicationSceneManifest_Generation = YES;
				INFOPLIST_KEY_UIApplicationSupportsIndirectInputEvents = YES;
				INFOPLIST_KEY_UILaunchScreen_Generation = YES;
				INFOPLIST_KEY_UISupportedInterfaceOrientations = UIInterfaceOrientationPortrait;
				LD_RUNPATH_SEARCH_PATHS = (
					"$(inherited)",
					"@executable_path/Frameworks",
				);
				MARKETING_VERSION = 1.0;
				PRODUCT_BUNDLE_IDENTIFIER = "com.katja-ruebel.ToDoList";
				PRODUCT_NAME = "$(TARGET_NAME)";
				SWIFT_EMIT_LOC_STRINGS = YES;
				SWIFT_VERSION = 5.0;
				TARGETED_DEVICE_FAMILY = "1,2";
			};
			name = Debug;
		};
		A97E501C2C3B01D600C656B2 /* Release */ = {
			isa = XCBuildConfiguration;
			buildSettings = {
				ASSETCATALOG_COMPILER_APPICON_NAME = AppIcon;
				ASSETCATALOG_COMPILER_GLOBAL_ACCENT_COLOR_NAME = AccentColor;
				CODE_SIGN_STYLE = Automatic;
				CURRENT_PROJECT_VERSION = 1;
				DEVELOPMENT_ASSET_PATHS = "\"ToDoList/Preview Content\"";
				DEVELOPMENT_TEAM = 6JHBX5CAC2;
				ENABLE_PREVIEWS = YES;
				GENERATE_INFOPLIST_FILE = YES;
				INFOPLIST_KEY_CFBundleDisplayName = "To Do List";
				INFOPLIST_KEY_UIApplicationSceneManifest_Generation = YES;
				INFOPLIST_KEY_UIApplicationSupportsIndirectInputEvents = YES;
				INFOPLIST_KEY_UILaunchScreen_Generation = YES;
				INFOPLIST_KEY_UISupportedInterfaceOrientations = UIInterfaceOrientationPortrait;
				LD_RUNPATH_SEARCH_PATHS = (
					"$(inherited)",
					"@executable_path/Frameworks",
				);
				MARKETING_VERSION = 1.0;
				PRODUCT_BUNDLE_IDENTIFIER = "com.katja-ruebel.ToDoList";
				PRODUCT_NAME = "$(TARGET_NAME)";
				SWIFT_EMIT_LOC_STRINGS = YES;
				SWIFT_VERSION = 5.0;
				TARGETED_DEVICE_FAMILY = "1,2";
			};
			name = Release;
		};
		A97E501E2C3B01D600C656B2 /* Debug */ = {
			isa = XCBuildConfiguration;
			buildSettings = {
				ALWAYS_EMBED_SWIFT_STANDARD_LIBRARIES = YES;
				BUNDLE_LOADER = "$(TEST_HOST)";
				CODE_SIGN_STYLE = Automatic;
				CURRENT_PROJECT_VERSION = 1;
				DEVELOPMENT_TEAM = 6JHBX5CAC2;
				GENERATE_INFOPLIST_FILE = YES;
				IPHONEOS_DEPLOYMENT_TARGET = 17.2;
				MARKETING_VERSION = 1.0;
				PRODUCT_BUNDLE_IDENTIFIER = "com.katja-ruebel.ToDoListTests";
				PRODUCT_NAME = "$(TARGET_NAME)";
				SWIFT_EMIT_LOC_STRINGS = NO;
				SWIFT_VERSION = 5.0;
				TARGETED_DEVICE_FAMILY = "1,2";
				TEST_HOST = "$(BUILT_PRODUCTS_DIR)/ToDoList.app/$(BUNDLE_EXECUTABLE_FOLDER_PATH)/ToDoList";
			};
			name = Debug;
		};
		A97E501F2C3B01D600C656B2 /* Release */ = {
			isa = XCBuildConfiguration;
			buildSettings = {
				ALWAYS_EMBED_SWIFT_STANDARD_LIBRARIES = YES;
				BUNDLE_LOADER = "$(TEST_HOST)";
				CODE_SIGN_STYLE = Automatic;
				CURRENT_PROJECT_VERSION = 1;
				DEVELOPMENT_TEAM = 6JHBX5CAC2;
				GENERATE_INFOPLIST_FILE = YES;
				IPHONEOS_DEPLOYMENT_TARGET = 17.2;
				MARKETING_VERSION = 1.0;
				PRODUCT_BUNDLE_IDENTIFIER = "com.katja-ruebel.ToDoListTests";
				PRODUCT_NAME = "$(TARGET_NAME)";
				SWIFT_EMIT_LOC_STRINGS = NO;
				SWIFT_VERSION = 5.0;
				TARGETED_DEVICE_FAMILY = "1,2";
				TEST_HOST = "$(BUILT_PRODUCTS_DIR)/ToDoList.app/$(BUNDLE_EXECUTABLE_FOLDER_PATH)/ToDoList";
			};
			name = Release;
		};
		A97E50212C3B01D600C656B2 /* Debug */ = {
			isa = XCBuildConfiguration;
			buildSettings = {
				ALWAYS_EMBED_SWIFT_STANDARD_LIBRARIES = YES;
				CODE_SIGN_STYLE = Automatic;
				CURRENT_PROJECT_VERSION = 1;
				DEVELOPMENT_TEAM = 6JHBX5CAC2;
				GENERATE_INFOPLIST_FILE = YES;
				MARKETING_VERSION = 1.0;
				PRODUCT_BUNDLE_IDENTIFIER = "com.katja-ruebel.ToDoListUITests";
				PRODUCT_NAME = "$(TARGET_NAME)";
				SWIFT_EMIT_LOC_STRINGS = NO;
				SWIFT_VERSION = 5.0;
				TARGETED_DEVICE_FAMILY = "1,2";
				TEST_TARGET_NAME = ToDoList;
			};
			name = Debug;
		};
		A97E50222C3B01D600C656B2 /* Release */ = {
			isa = XCBuildConfiguration;
			buildSettings = {
				ALWAYS_EMBED_SWIFT_STANDARD_LIBRARIES = YES;
				CODE_SIGN_STYLE = Automatic;
				CURRENT_PROJECT_VERSION = 1;
				DEVELOPMENT_TEAM = 6JHBX5CAC2;
				GENERATE_INFOPLIST_FILE = YES;
				MARKETING_VERSION = 1.0;
				PRODUCT_BUNDLE_IDENTIFIER = "com.katja-ruebel.ToDoListUITests";
				PRODUCT_NAME = "$(TARGET_NAME)";
				SWIFT_EMIT_LOC_STRINGS = NO;
				SWIFT_VERSION = 5.0;
				TARGETED_DEVICE_FAMILY = "1,2";
				TEST_TARGET_NAME = ToDoList;
			};
			name = Release;
		};
/* End XCBuildConfiguration section */

/* Begin XCConfigurationList section */
		A97E4FF12C3B01D400C656B2 /* Build configuration list for PBXProject "ToDoList" */ = {
			isa = XCConfigurationList;
			buildConfigurations = (
				A97E50182C3B01D600C656B2 /* Debug */,
				A97E50192C3B01D600C656B2 /* Release */,
			);
			defaultConfigurationIsVisible = 0;
			defaultConfigurationName = Release;
		};
		A97E501A2C3B01D600C656B2 /* Build configuration list for PBXNativeTarget "ToDoList" */ = {
			isa = XCConfigurationList;
			buildConfigurations = (
				A97E501B2C3B01D600C656B2 /* Debug */,
				A97E501C2C3B01D600C656B2 /* Release */,
			);
			defaultConfigurationIsVisible = 0;
			defaultConfigurationName = Release;
		};
		A97E501D2C3B01D600C656B2 /* Build configuration list for PBXNativeTarget "ToDoListTests" */ = {
			isa = XCConfigurationList;
			buildConfigurations = (
				A97E501E2C3B01D600C656B2 /* Debug */,
				A97E501F2C3B01D600C656B2 /* Release */,
			);
			defaultConfigurationIsVisible = 0;
			defaultConfigurationName = Release;
		};
		A97E50202C3B01D600C656B2 /* Build configuration list for PBXNativeTarget "ToDoListUITests" */ = {
			isa = XCConfigurationList;
			buildConfigurations = (
				A97E50212C3B01D600C656B2 /* Debug */,
				A97E50222C3B01D600C656B2 /* Release */,
			);
			defaultConfigurationIsVisible = 0;
			defaultConfigurationName = Release;
		};
/* End XCConfigurationList section */

/* Begin XCRemoteSwiftPackageReference section */
		A97E50232C3B041100C656B2 /* XCRemoteSwiftPackageReference "firebase-ios-sdk" */ = {
			isa = XCRemoteSwiftPackageReference;
			repositoryURL = "https://github.com/firebase/firebase-ios-sdk";
			requirement = {
				kind = upToNextMajorVersion;
				minimumVersion = 10.28.1;
			};
		};
/* End XCRemoteSwiftPackageReference section */

/* Begin XCSwiftPackageProductDependency section */
		A97E50242C3B041100C656B2 /* FirebaseAuth */ = {
			isa = XCSwiftPackageProductDependency;
			package = A97E50232C3B041100C656B2 /* XCRemoteSwiftPackageReference "firebase-ios-sdk" */;
			productName = FirebaseAuth;
		};
		A97E50262C3B041100C656B2 /* FirebaseFirestore */ = {
			isa = XCSwiftPackageProductDependency;
			package = A97E50232C3B041100C656B2 /* XCRemoteSwiftPackageReference "firebase-ios-sdk" */;
			productName = FirebaseFirestore;
		};
		A97E50282C3B041100C656B2 /* FirebaseFirestoreSwift */ = {
			isa = XCSwiftPackageProductDependency;
			package = A97E50232C3B041100C656B2 /* XCRemoteSwiftPackageReference "firebase-ios-sdk" */;
			productName = FirebaseFirestoreSwift;
		};
/* End XCSwiftPackageProductDependency section */
	};
	rootObject = A97E4FEE2C3B01D400C656B2 /* Project object */;
}
